github.com/louismax/kenan v1.0.7 h1:tJCFFF4/sU4Qe7TnBCc+GNGj/flnHsnr1nZ3FtP2ji4=
github.com/louismax/kenan v1.0.7/go.mod h1:df/iV5u4M4MykYcbP1x4aNSwsKgy2+29h9p6TpR6794=
golang.org/x/image v0.21.0 h1:c5qV36ajHpdj4Qi0GnE0jUc/yuo33OLFaa0d+crTD5s=
golang.org/x/image v0.21.0/go.mod h1:vUbsLavqK/W303ZroQQVKQ+Af3Yl6Uz1Ppu5J/cLz78=
